// !$*UTF8*$!
{
	archiveVersion = 1;
	classes = {
	};
	objectVersion = 50;
	objects = {

/* Begin PBXBuildFile section */
		64ED1A420AACD36A9A3451AD /* Pods_SnapChat_Clone.framework in Frameworks */ = {isa = PBXBuildFile; fileRef = A1E32FD8FEE5C391A393105C /* Pods_SnapChat_Clone.framework */; };
		9805F6EC20F8394200F51F50 /* AppDelegate.swift in Sources */ = {isa = PBXBuildFile; fileRef = 9805F6EB20F8394200F51F50 /* AppDelegate.swift */; };
		9805F6EE20F8394200F51F50 /* ViewController.swift in Sources */ = {isa = PBXBuildFile; fileRef = 9805F6ED20F8394200F51F50 /* ViewController.swift */; };
		9805F6F120F8394200F51F50 /* Main.storyboard in Resources */ = {isa = PBXBuildFile; fileRef = 9805F6EF20F8394200F51F50 /* Main.storyboard */; };
		9805F6F320F8394300F51F50 /* Assets.xcassets in Resources */ = {isa = PBXBuildFile; fileRef = 9805F6F220F8394300F51F50 /* Assets.xcassets */; };
		9805F6F620F8394300F51F50 /* LaunchScreen.storyboard in Resources */ = {isa = PBXBuildFile; fileRef = 9805F6F420F8394300F51F50 /* LaunchScreen.storyboard */; };
		9805F6FE20F839F500F51F50 /* GoogleService-Info.plist in Resources */ = {isa = PBXBuildFile; fileRef = 9805F6FD20F839F500F51F50 /* GoogleService-Info.plist */; };
		9805F70020F842CF00F51F50 /* LoginViewController.swift in Sources */ = {isa = PBXBuildFile; fileRef = 9805F6FF20F842CF00F51F50 /* LoginViewController.swift */; };
		9805F70220F842EA00F51F50 /* CreateAccountViewController.swift in Sources */ = {isa = PBXBuildFile; fileRef = 9805F70120F842EA00F51F50 /* CreateAccountViewController.swift */; };
		98E4F25C20FA707400BAA4B9 /* SnapsViewController.swift in Sources */ = {isa = PBXBuildFile; fileRef = 98E4F25B20FA707400BAA4B9 /* SnapsViewController.swift */; };
		98E4F25E20FA709900BAA4B9 /* PhotoViewController.swift in Sources */ = {isa = PBXBuildFile; fileRef = 98E4F25D20FA709900BAA4B9 /* PhotoViewController.swift */; };
		98F9611020FADE1200A42C00 /* Alert.swift in Sources */ = {isa = PBXBuildFile; fileRef = 98F9610F20FADE1200A42C00 /* Alert.swift */; };
/* End PBXBuildFile section */

/* Begin PBXFileReference section */
		9805F6E820F8394200F51F50 /* SnapChat Clone.app */ = {isa = PBXFileReference; explicitFileType = wrapper.application; includeInIndex = 0; path = "SnapChat Clone.app"; sourceTree = BUILT_PRODUCTS_DIR; };
		9805F6EB20F8394200F51F50 /* AppDelegate.swift */ = {isa = PBXFileReference; lastKnownFileType = sourcecode.swift; path = AppDelegate.swift; sourceTree = "<group>"; };
		9805F6ED20F8394200F51F50 /* ViewController.swift */ = {isa = PBXFileReference; lastKnownFileType = sourcecode.swift; path = ViewController.swift; sourceTree = "<group>"; };
		9805F6F020F8394200F51F50 /* Base */ = {isa = PBXFileReference; lastKnownFileType = file.storyboard; name = Base; path = Base.lproj/Main.storyboard; sourceTree = "<group>"; };
		9805F6F220F8394300F51F50 /* Assets.xcassets */ = {isa = PBXFileReference; lastKnownFileType = folder.assetcatalog; path = Assets.xcassets; sourceTree = "<group>"; };
		9805F6F520F8394300F51F50 /* Base */ = {isa = PBXFileReference; lastKnownFileType = file.storyboard; name = Base; path = Base.lproj/LaunchScreen.storyboard; sourceTree = "<group>"; };
		9805F6F720F8394300F51F50 /* Info.plist */ = {isa = PBXFileReference; lastKnownFileType = text.plist.xml; path = Info.plist; sourceTree = "<group>"; };
		9805F6FD20F839F500F51F50 /* GoogleService-Info.plist */ = {isa = PBXFileReference; fileEncoding = 4; lastKnownFileType = text.plist.xml; path = "GoogleService-Info.plist"; sourceTree = "<group>"; };
		9805F6FF20F842CF00F51F50 /* LoginViewController.swift */ = {isa = PBXFileReference; lastKnownFileType = sourcecode.swift; path = LoginViewController.swift; sourceTree = "<group>"; };
		9805F70120F842EA00F51F50 /* CreateAccountViewController.swift */ = {isa = PBXFileReference; lastKnownFileType = sourcecode.swift; path = CreateAccountViewController.swift; sourceTree = "<group>"; };
		98E4F25B20FA707400BAA4B9 /* SnapsViewController.swift */ = {isa = PBXFileReference; lastKnownFileType = sourcecode.swift; path = SnapsViewController.swift; sourceTree = "<group>"; };
		98E4F25D20FA709900BAA4B9 /* PhotoViewController.swift */ = {isa = PBXFileReference; lastKnownFileType = sourcecode.swift; path = PhotoViewController.swift; sourceTree = "<group>"; };
		98F9610F20FADE1200A42C00 /* Alert.swift */ = {isa = PBXFileReference; lastKnownFileType = sourcecode.swift; path = Alert.swift; sourceTree = "<group>"; };
		A1E32FD8FEE5C391A393105C /* Pods_SnapChat_Clone.framework */ = {isa = PBXFileReference; explicitFileType = wrapper.framework; includeInIndex = 0; path = Pods_SnapChat_Clone.framework; sourceTree = BUILT_PRODUCTS_DIR; };
		F819B39088DF9A5EA278BA34 /* Pods-SnapChat Clone.release.xcconfig */ = {isa = PBXFileReference; includeInIndex = 1; lastKnownFileType = text.xcconfig; name = "Pods-SnapChat Clone.release.xcconfig"; path = "Pods/Target Support Files/Pods-SnapChat Clone/Pods-SnapChat Clone.release.xcconfig"; sourceTree = "<group>"; };
		FA3971D6617076BF8C940B8C /* Pods-SnapChat Clone.debug.xcconfig */ = {isa = PBXFileReference; includeInIndex = 1; lastKnownFileType = text.xcconfig; name = "Pods-SnapChat Clone.debug.xcconfig"; path = "Pods/Target Support Files/Pods-SnapChat Clone/Pods-SnapChat Clone.debug.xcconfig"; sourceTree = "<group>"; };
/* End PBXFileReference section */

/* Begin PBXFrameworksBuildPhase section */
		9805F6E520F8394200F51F50 /* Frameworks */ = {
			isa = PBXFrameworksBuildPhase;
			buildActionMask = 2147483647;
			files = (
				64ED1A420AACD36A9A3451AD /* Pods_SnapChat_Clone.framework in Frameworks */,
			);
			runOnlyForDeploymentPostprocessing = 0;
		};
/* End PBXFrameworksBuildPhase section */

/* Begin PBXGroup section */
		75AA148841AD85272ED34ADA /* Frameworks */ = {
			isa = PBXGroup;
			children = (
				A1E32FD8FEE5C391A393105C /* Pods_SnapChat_Clone.framework */,
			);
			name = Frameworks;
			sourceTree = "<group>";
		};
		9805F6DF20F8394200F51F50 = {
			isa = PBXGroup;
			children = (
				9805F6EA20F8394200F51F50 /* SnapChat Clone */,
				9805F6E920F8394200F51F50 /* Products */,
				CC8874FBF530156357013FE5 /* Pods */,
				75AA148841AD85272ED34ADA /* Frameworks */,
			);
			sourceTree = "<group>";
		};
		9805F6E920F8394200F51F50 /* Products */ = {
			isa = PBXGroup;
			children = (
				9805F6E820F8394200F51F50 /* SnapChat Clone.app */,
			);
			name = Products;
			sourceTree = "<group>";
		};
		9805F6EA20F8394200F51F50 /* SnapChat Clone */ = {
			isa = PBXGroup;
			children = (
				98F9610E20FADDC100A42C00 /* Model */,
				98F9610D20FADD9800A42C00 /* ViewControllers */,
				9805F6EB20F8394200F51F50 /* AppDelegate.swift */,
				9805F6EF20F8394200F51F50 /* Main.storyboard */,
				9805F6F220F8394300F51F50 /* Assets.xcassets */,
				9805F6F420F8394300F51F50 /* LaunchScreen.storyboard */,
				9805F6F720F8394300F51F50 /* Info.plist */,
				9805F6FD20F839F500F51F50 /* GoogleService-Info.plist */,
			);
			path = "SnapChat Clone";
			sourceTree = "<group>";
		};
		98F9610D20FADD9800A42C00 /* ViewControllers */ = {
			isa = PBXGroup;
			children = (
				9805F70120F842EA00F51F50 /* CreateAccountViewController.swift */,
				9805F6ED20F8394200F51F50 /* ViewController.swift */,
				9805F6FF20F842CF00F51F50 /* LoginViewController.swift */,
				98E4F25B20FA707400BAA4B9 /* SnapsViewController.swift */,
				98E4F25D20FA709900BAA4B9 /* PhotoViewController.swift */,
			);
			path = ViewControllers;
			sourceTree = "<group>";
		};
		98F9610E20FADDC100A42C00 /* Model */ = {
			isa = PBXGroup;
			children = (
				98F9610F20FADE1200A42C00 /* Alert.swift */,
			);
			path = Model;
			sourceTree = "<group>";
		};
		CC8874FBF530156357013FE5 /* Pods */ = {
			isa = PBXGroup;
			children = (
				FA3971D6617076BF8C940B8C /* Pods-SnapChat Clone.debug.xcconfig */,
				F819B39088DF9A5EA278BA34 /* Pods-SnapChat Clone.release.xcconfig */,
			);
			name = Pods;
			sourceTree = "<group>";
		};
/* End PBXGroup section */

/* Begin PBXNativeTarget section */
		9805F6E720F8394200F51F50 /* SnapChat Clone */ = {
			isa = PBXNativeTarget;
			buildConfigurationList = 9805F6FA20F8394300F51F50 /* Build configuration list for PBXNativeTarget "SnapChat Clone" */;
			buildPhases = (
				0CF0DD46D50B88BD6CBEFEC9 /* [CP] Check Pods Manifest.lock */,
				9805F6E420F8394200F51F50 /* Sources */,
				9805F6E520F8394200F51F50 /* Frameworks */,
				9805F6E620F8394200F51F50 /* Resources */,
				C68E3845F7197F132080C8FE /* [CP] Embed Pods Frameworks */,
			);
			buildRules = (
			);
			dependencies = (
			);
			name = "SnapChat Clone";
			productName = "SnapChat Clone";
			productReference = 9805F6E820F8394200F51F50 /* SnapChat Clone.app */;
			productType = "com.apple.product-type.application";
		};
/* End PBXNativeTarget section */

/* Begin PBXProject section */
		9805F6E020F8394200F51F50 /* Project object */ = {
			isa = PBXProject;
			attributes = {
				LastSwiftUpdateCheck = 0940;
				LastUpgradeCheck = 0940;
				ORGANIZATIONNAME = "Vinícius Rodrigues Duarte";
				TargetAttributes = {
					9805F6E720F8394200F51F50 = {
						CreatedOnToolsVersion = 9.4.1;
					};
				};
			};
			buildConfigurationList = 9805F6E320F8394200F51F50 /* Build configuration list for PBXProject "SnapChat Clone" */;
			compatibilityVersion = "Xcode 9.3";
			developmentRegion = en;
			hasScannedForEncodings = 0;
			knownRegions = (
				en,
				Base,
			);
			mainGroup = 9805F6DF20F8394200F51F50;
			productRefGroup = 9805F6E920F8394200F51F50 /* Products */;
			projectDirPath = "";
			projectRoot = "";
			targets = (
				9805F6E720F8394200F51F50 /* SnapChat Clone */,
			);
		};
/* End PBXProject section */

/* Begin PBXResourcesBuildPhase section */
		9805F6E620F8394200F51F50 /* Resources */ = {
			isa = PBXResourcesBuildPhase;
			buildActionMask = 2147483647;
			files = (
				9805F6F620F8394300F51F50 /* LaunchScreen.storyboard in Resources */,
				9805F6FE20F839F500F51F50 /* GoogleService-Info.plist in Resources */,
				9805F6F320F8394300F51F50 /* Assets.xcassets in Resources */,
				9805F6F120F8394200F51F50 /* Main.storyboard in Resources */,
			);
			runOnlyForDeploymentPostprocessing = 0;
		};
/* End PBXResourcesBuildPhase section */

/* Begin PBXShellScriptBuildPhase section */
		0CF0DD46D50B88BD6CBEFEC9 /* [CP] Check Pods Manifest.lock */ = {
			isa = PBXShellScriptBuildPhase;
			buildActionMask = 2147483647;
			files = (
			);
			inputPaths = (
				"${PODS_PODFILE_DIR_PATH}/Podfile.lock",
				"${PODS_ROOT}/Manifest.lock",
			);
			name = "[CP] Check Pods Manifest.lock";
			outputPaths = (
				"$(DERIVED_FILE_DIR)/Pods-SnapChat Clone-checkManifestLockResult.txt",
			);
			runOnlyForDeploymentPostprocessing = 0;
			shellPath = /bin/sh;
			shellScript = "diff \"${PODS_PODFILE_DIR_PATH}/Podfile.lock\" \"${PODS_ROOT}/Manifest.lock\" > /dev/null\nif [ $? != 0 ] ; then\n    # print error to STDERR\n    echo \"error: The sandbox is not in sync with the Podfile.lock. Run 'pod install' or update your CocoaPods installation.\" >&2\n    exit 1\nfi\n# This output is used by Xcode 'outputs' to avoid re-running this script phase.\necho \"SUCCESS\" > \"${SCRIPT_OUTPUT_FILE_0}\"\n";
			showEnvVarsInLog = 0;
		};
		C68E3845F7197F132080C8FE /* [CP] Embed Pods Frameworks */ = {
			isa = PBXShellScriptBuildPhase;
			buildActionMask = 2147483647;
			files = (
			);
			inputPaths = (
				"${SRCROOT}/Pods/Target Support Files/Pods-SnapChat Clone/Pods-SnapChat Clone-frameworks.sh",
				"${BUILT_PRODUCTS_DIR}/GTMSessionFetcher/GTMSessionFetcher.framework",
				"${BUILT_PRODUCTS_DIR}/GoogleToolboxForMac/GoogleToolboxForMac.framework",
				"${BUILT_PRODUCTS_DIR}/leveldb-library/leveldb.framework",
				"${BUILT_PRODUCTS_DIR}/nanopb/nanopb.framework",
			);
			name = "[CP] Embed Pods Frameworks";
			outputPaths = (
				"${TARGET_BUILD_DIR}/${FRAMEWORKS_FOLDER_PATH}/GTMSessionFetcher.framework",
				"${TARGET_BUILD_DIR}/${FRAMEWORKS_FOLDER_PATH}/GoogleToolboxForMac.framework",
				"${TARGET_BUILD_DIR}/${FRAMEWORKS_FOLDER_PATH}/leveldb.framework",
				"${TARGET_BUILD_DIR}/${FRAMEWORKS_FOLDER_PATH}/nanopb.framework",
			);
			runOnlyForDeploymentPostprocessing = 0;
			shellPath = /bin/sh;
			shellScript = "\"${SRCROOT}/Pods/Target Support Files/Pods-SnapChat Clone/Pods-SnapChat Clone-frameworks.sh\"\n";
			showEnvVarsInLog = 0;
		};
/* End PBXShellScriptBuildPhase section */

/* Begin PBXSourcesBuildPhase section */
		9805F6E420F8394200F51F50 /* Sources */ = {
			isa = PBXSourcesBuildPhase;
			buildActionMask = 2147483647;
			files = (
				98E4F25C20FA707400BAA4B9 /* SnapsViewController.swift in Sources */,
				9805F70220F842EA00F51F50 /* CreateAccountViewController.swift in Sources */,
				9805F70020F842CF00F51F50 /* LoginViewController.swift in Sources */,
				9805F6EE20F8394200F51F50 /* ViewController.swift in Sources */,
				9805F6EC20F8394200F51F50 /* AppDelegate.swift in Sources */,
				98E4F25E20FA709900BAA4B9 /* PhotoViewController.swift in Sources */,
				98F9611020FADE1200A42C00 /* Alert.swift in Sources */,
			);
			runOnlyForDeploymentPostprocessing = 0;
		};
/* End PBXSourcesBuildPhase section */

/* Begin PBXVariantGroup section */
		9805F6EF20F8394200F51F50 /* Main.storyboard */ = {
			isa = PBXVariantGroup;
			children = (
				9805F6F020F8394200F51F50 /* Base */,
			);
			name = Main.storyboard;
			sourceTree = "<group>";
		};
		9805F6F420F8394300F51F50 /* LaunchScreen.storyboard */ = {
			isa = PBXVariantGroup;
			children = (
				9805F6F520F8394300F51F50 /* Base */,
			);
			name = LaunchScreen.storyboard;
			sourceTree = "<group>";
		};
/* End PBXVariantGroup section */

/* Begin XCBuildConfiguration section */
		9805F6F820F8394300F51F50 /* Debug */ = {
			isa = XCBuildConfiguration;
			buildSettings = {
				ALWAYS_SEARCH_USER_PATHS = NO;
				CLANG_ANALYZER_NONNULL = YES;
				CLANG_ANALYZER_NUMBER_OBJECT_CONVERSION = YES_AGGRESSIVE;
				CLANG_CXX_LANGUAGE_STANDARD = "gnu++14";
				CLANG_CXX_LIBRARY = "libc++";
				CLANG_ENABLE_MODULES = YES;
				CLANG_ENABLE_OBJC_ARC = YES;
				CLANG_ENABLE_OBJC_WEAK = YES;
				CLANG_WARN_BLOCK_CAPTURE_AUTORELEASING = YES;
				CLANG_WARN_BOOL_CONVERSION = YES;
				CLANG_WARN_COMMA = YES;
				CLANG_WARN_CONSTANT_CONVERSION = YES;
				CLANG_WARN_DEPRECATED_OBJC_IMPLEMENTATIONS = YES;
				CLANG_WARN_DIRECT_OBJC_ISA_USAGE = YES_ERROR;
				CLANG_WARN_DOCUMENTATION_COMMENTS = YES;
				CLANG_WARN_EMPTY_BODY = YES;
				CLANG_WARN_ENUM_CONVERSION = YES;
				CLANG_WARN_INFINITE_RECURSION = YES;
				CLANG_WARN_INT_CONVERSION = YES;
				CLANG_WARN_NON_LITERAL_NULL_CONVERSION = YES;
				CLANG_WARN_OBJC_IMPLICIT_RETAIN_SELF = YES;
				CLANG_WARN_OBJC_LITERAL_CONVERSION = YES;
				CLANG_WARN_OBJC_ROOT_CLASS = YES_ERROR;
				CLANG_WARN_RANGE_LOOP_ANALYSIS = YES;
				CLANG_WARN_STRICT_PROTOTYPES = YES;
				CLANG_WARN_SUSPICIOUS_MOVE = YES;
				CLANG_WARN_UNGUARDED_AVAILABILITY = YES_AGGRESSIVE;
				CLANG_WARN_UNREACHABLE_CODE = YES;
				CLANG_WARN__DUPLICATE_METHOD_MATCH = YES;
				CODE_SIGN_IDENTITY = "iPhone Developer";
				COPY_PHASE_STRIP = NO;
				DEBUG_INFORMATION_FORMAT = dwarf;
				ENABLE_STRICT_OBJC_MSGSEND = YES;
				ENABLE_TESTABILITY = YES;
				GCC_C_LANGUAGE_STANDARD = gnu11;
				GCC_DYNAMIC_NO_PIC = NO;
				GCC_NO_COMMON_BLOCKS = YES;
				GCC_OPTIMIZATION_LEVEL = 0;
				GCC_PREPROCESSOR_DEFINITIONS = (
					"DEBUG=1",
					"$(inherited)",
				);
				GCC_WARN_64_TO_32_BIT_CONVERSION = YES;
				GCC_WARN_ABOUT_RETURN_TYPE = YES_ERROR;
				GCC_WARN_UNDECLARED_SELECTOR = YES;
				GCC_WARN_UNINITIALIZED_AUTOS = YES_AGGRESSIVE;
				GCC_WARN_UNUSED_FUNCTION = YES;
				GCC_WARN_UNUSED_VARIABLE = YES;
				IPHONEOS_DEPLOYMENT_TARGET = 11.4;
				MTL_ENABLE_DEBUG_INFO = YES;
				ONLY_ACTIVE_ARCH = YES;
				SDKROOT = iphoneos;
				SWIFT_ACTIVE_COMPILATION_CONDITIONS = DEBUG;
				SWIFT_OPTIMIZATION_LEVEL = "-Onone";
			};
			name = Debug;
		};
		9805F6F920F8394300F51F50 /* Release */ = {
			isa = XCBuildConfiguration;
			buildSettings = {
				ALWAYS_SEARCH_USER_PATHS = NO;
				CLANG_ANALYZER_NONNULL = YES;
				CLANG_ANALYZER_NUMBER_OBJECT_CONVERSION = YES_AGGRESSIVE;
				CLANG_CXX_LANGUAGE_STANDARD = "gnu++14";
				CLANG_CXX_LIBRARY = "libc++";
				CLANG_ENABLE_MODULES = YES;
				CLANG_ENABLE_OBJC_ARC = YES;
				CLANG_ENABLE_OBJC_WEAK = YES;
				CLANG_WARN_BLOCK_CAPTURE_AUTORELEASING = YES;
				CLANG_WARN_BOOL_CONVERSION = YES;
				CLANG_WARN_COMMA = YES;
				CLANG_WARN_CONSTANT_CONVERSION = YES;
				CLANG_WARN_DEPRECATED_OBJC_IMPLEMENTATIONS = YES;
				CLANG_WARN_DIRECT_OBJC_ISA_USAGE = YES_ERROR;
				CLANG_WARN_DOCUMENTATION_COMMENTS = YES;
				CLANG_WARN_EMPTY_BODY = YES;
				CLANG_WARN_ENUM_CONVERSION = YES;
				CLANG_WARN_INFINITE_RECURSION = YES;
				CLANG_WARN_INT_CONVERSION = YES;
				CLANG_WARN_NON_LITERAL_NULL_CONVERSION = YES;
				CLANG_WARN_OBJC_IMPLICIT_RETAIN_SELF = YES;
				CLANG_WARN_OBJC_LITERAL_CONVERSION = YES;
				CLANG_WARN_OBJC_ROOT_CLASS = YES_ERROR;
				CLANG_WARN_RANGE_LOOP_ANALYSIS = YES;
				CLANG_WARN_STRICT_PROTOTYPES = YES;
				CLANG_WARN_SUSPICIOUS_MOVE = YES;
				CLANG_WARN_UNGUARDED_AVAILABILITY = YES_AGGRESSIVE;
				CLANG_WARN_UNREACHABLE_CODE = YES;
				CLANG_WARN__DUPLICATE_METHOD_MATCH = YES;
				CODE_SIGN_IDENTITY = "iPhone Developer";
				COPY_PHASE_STRIP = NO;
				DEBUG_INFORMATION_FORMAT = "dwarf-with-dsym";
				ENABLE_NS_ASSERTIONS = NO;
				ENABLE_STRICT_OBJC_MSGSEND = YES;
				GCC_C_LANGUAGE_STANDARD = gnu11;
				GCC_NO_COMMON_BLOCKS = YES;
				GCC_WARN_64_TO_32_BIT_CONVERSION = YES;
				GCC_WARN_ABOUT_RETURN_TYPE = YES_ERROR;
				GCC_WARN_UNDECLARED_SELECTOR = YES;
				GCC_WARN_UNINITIALIZED_AUTOS = YES_AGGRESSIVE;
				GCC_WARN_UNUSED_FUNCTION = YES;
				GCC_WARN_UNUSED_VARIABLE = YES;
				IPHONEOS_DEPLOYMENT_TARGET = 11.4;
				MTL_ENABLE_DEBUG_INFO = NO;
				SDKROOT = iphoneos;
				SWIFT_COMPILATION_MODE = wholemodule;
				SWIFT_OPTIMIZATION_LEVEL = "-O";
				VALIDATE_PRODUCT = YES;
			};
			name = Release;
		};
		9805F6FB20F8394300F51F50 /* Debug */ = {
			isa = XCBuildConfiguration;
			baseConfigurationReference = FA3971D6617076BF8C940B8C /* Pods-SnapChat Clone.debug.xcconfig */;
			buildSettings = {
				ASSETCATALOG_COMPILER_APPICON_NAME = AppIcon;
				CODE_SIGN_STYLE = Automatic;
				DEVELOPMENT_TEAM = K263L273XJ;
				INFOPLIST_FILE = "SnapChat Clone/Info.plist";
				LD_RUNPATH_SEARCH_PATHS = (
					"$(inherited)",
					"@executable_path/Frameworks",
				);
				PRODUCT_BUNDLE_IDENTIFIER = "br.com.vinicius.ios.SnapChat-Clone";
				PRODUCT_NAME = "$(TARGET_NAME)";
				SWIFT_VERSION = 4.0;
				TARGETED_DEVICE_FAMILY = "1,2";
			};
			name = Debug;
		};
		9805F6FC20F8394300F51F50 /* Release */ = {
			isa = XCBuildConfiguration;
			baseConfigurationReference = F819B39088DF9A5EA278BA34 /* Pods-SnapChat Clone.release.xcconfig */;
			buildSettings = {
				ASSETCATALOG_COMPILER_APPICON_NAME = AppIcon;
				CODE_SIGN_STYLE = Automatic;
				DEVELOPMENT_TEAM = K263L273XJ;
				INFOPLIST_FILE = "SnapChat Clone/Info.plist";
				LD_RUNPATH_SEARCH_PATHS = (
					"$(inherited)",
					"@executable_path/Frameworks",
				);
				PRODUCT_BUNDLE_IDENTIFIER = "br.com.vinicius.ios.SnapChat-Clone";
				PRODUCT_NAME = "$(TARGET_NAME)";
				SWIFT_VERSION = 4.0;
				TARGETED_DEVICE_FAMILY = "1,2";
			};
			name = Release;
		};
/* End XCBuildConfiguration section */

/* Begin XCConfigurationList section */
		9805F6E320F8394200F51F50 /* Build configuration list for PBXProject "SnapChat Clone" */ = {
			isa = XCConfigurationList;
			buildConfigurations = (
				9805F6F820F8394300F51F50 /* Debug */,
				9805F6F920F8394300F51F50 /* Release */,
			);
			defaultConfigurationIsVisible = 0;
			defaultConfigurationName = Release;
		};
		9805F6FA20F8394300F51F50 /* Build configuration list for PBXNativeTarget "SnapChat Clone" */ = {
			isa = XCConfigurationList;
			buildConfigurations = (
				9805F6FB20F8394300F51F50 /* Debug */,
				9805F6FC20F8394300F51F50 /* Release */,
			);
			defaultConfigurationIsVisible = 0;
			defaultConfigurationName = Release;
		};
/* End XCConfigurationList section */
	};
	rootObject = 9805F6E020F8394200F51F50 /* Project object */;
}
